
Microsoft Visual Studio Solution File, Format Version 12.00
# Visual Studio Version 17
VisualStudioVersion = 17.11.35222.181
MinimumVisualStudioVersion = 10.0.40219.1
Project("{FAE04EC0-301F-11D3-BF4B-00C04F79EFBC}") = "AppShopAPI", "AppShopAPI\AppShopAPI.csproj", "{7C0D9F72-5EA6-448D-841A-6CE8532E3F84}"
EndProject
Global
	GlobalSection(SolutionConfigurationPlatforms) = preSolution
		Debug|Any CPU = Debug|Any CPU
		Release|Any CPU = Release|Any CPU
	EndGlobalSection
	GlobalSection(ProjectConfigurationPlatforms) = postSolution
		{7C0D9F72-5EA6-448D-841A-6CE8532E3F84}.Debug|Any CPU.ActiveCfg = Debug|Any CPU
		{7C0D9F72-5EA6-448D-841A-6CE8532E3F84}.Debug|Any CPU.Build.0 = Debug|Any CPU
		{7C0D9F72-5EA6-448D-841A-6CE8532E3F84}.Release|Any CPU.ActiveCfg = Release|Any CPU
		{7C0D9F72-5EA6-448D-841A-6CE8532E3F84}.Release|Any CPU.Build.0 = Release|Any CPU
	EndGlobalSection
	GlobalSection(SolutionProperties) = preSolution
		HideSolutionNode = FALSE
	EndGlobalSection
	GlobalSection(ExtensibilityGlobals) = postSolution
		SolutionGuid = {0D36F3A6-ED10-4C96-9202-7F1695B9E82B}
	EndGlobalSection
EndGlobal
